# This file may be used to create an environment using:
# $ conda create --name <env> --file <this file>
# platform: linux-64
# created-by: conda 26.3.2
@EXPLICIT
https://conda.anaconda.org/conda-forge/noarch/ca-certificates-2026.5.20-hbd8a1cb_0.conda
https://conda.anaconda.org/conda-forge/noarch/font-ttf-dejavu-sans-mono-2.37-hab24e00_0.tar.bz2
https://conda.anaconda.org/conda-forge/noarch/font-ttf-inconsolata-3.000-h77eed37_0.tar.bz2
https://conda.anaconda.org/conda-forge/noarch/font-ttf-source-code-pro-2.038-h77eed37_0.tar.bz2
https://conda.anaconda.org/conda-forge/noarch/font-ttf-ubuntu-0.83-h77eed37_3.conda
https://conda.anaconda.org/conda-forge/linux-64/libglvnd-1.7.0-ha4b6fd6_3.conda
https://conda.anaconda.org/conda-forge/linux-64/libgomp-15.2.0-he0feb66_20.conda
https://conda.anaconda.org/conda-forge/linux-64/libzlib-1.3.2-h25fd6f3_3.conda
https://conda.anaconda.org/conda-forge/noarch/python_abi-3.12-8_cp312.conda
https://conda.anaconda.org/conda-forge/noarch/tzdata-2026c-h151e31d_0.conda
https://conda.anaconda.org/conda-forge/linux-64/_openmp_mutex-4.5-20_gnu.conda
https://conda.anaconda.org/conda-forge/noarch/fonts-conda-forge-1-hc364b38_1.conda
https://conda.anaconda.org/conda-forge/linux-64/libopengl-1.7.0-ha4b6fd6_3.conda
https://conda.anaconda.org/conda-forge/linux-64/zstd-1.5.7-hb78ec9c_6.conda
https://conda.anaconda.org/conda-forge/noarch/fonts-conda-ecosystem-1-0.tar.bz2
https://conda.anaconda.org/conda-forge/linux-64/ld_impl_linux-64-2.45.1-default_hbd61a6d_102.conda
https://conda.anaconda.org/conda-forge/linux-64/libgcc-15.2.0-he0feb66_20.conda
https://conda.anaconda.org/conda-forge/linux-64/bzip2-1.0.8-hda65f42_9.conda
https://conda.anaconda.org/conda-forge/linux-64/c-ares-1.34.6-hb03c661_0.conda
https://conda.anaconda.org/conda-forge/linux-64/fribidi-1.0.16-hb03c661_0.conda
https://conda.anaconda.org/conda-forge/linux-64/giflib-5.2.2-ha257d8a_1.conda
https://conda.anaconda.org/conda-forge/linux-64/keyutils-1.6.3-hb9d3cd8_0.conda
https://conda.anaconda.org/conda-forge/linux-64/libbrotlicommon-1.2.0-hb03c661_1.conda
https://conda.anaconda.org/conda-forge/linux-64/libdeflate-1.25-h17f619e_0.conda
https://conda.anaconda.org/conda-forge/linux-64/libexpat-2.8.1-hecca717_1.conda
https://conda.anaconda.org/conda-forge/linux-64/libffi-3.5.2-h3435931_0.conda
https://conda.anaconda.org/conda-forge/linux-64/libgcc-ng-15.2.0-h69a702a_20.conda
https://conda.anaconda.org/conda-forge/linux-64/libiconv-1.18-h3b78370_2.conda
https://conda.anaconda.org/conda-forge/linux-64/libjpeg-turbo-3.1.4.1-hb03c661_0.conda
https://conda.anaconda.org/conda-forge/linux-64/liblzma-5.8.3-hb03c661_0.conda
https://conda.anaconda.org/conda-forge/linux-64/libnsl-2.0.1-hb9d3cd8_1.conda
https://conda.anaconda.org/conda-forge/linux-64/libpciaccess-0.19-hb03c661_0.conda
https://conda.anaconda.org/conda-forge/linux-64/libpng-1.6.58-h421ea60_0.conda
https://conda.anaconda.org/conda-forge/linux-64/libsqlite-3.53.1-h0c1763c_0.conda
https://conda.anaconda.org/conda-forge/linux-64/libstdcxx-15.2.0-h934c35e_20.conda
https://conda.anaconda.org/conda-forge/linux-64/libuuid-2.42.1-h5347b49_0.conda
https://conda.anaconda.org/conda-forge/linux-64/libwebp-base-1.6.0-hd42ef1d_0.conda
https://conda.anaconda.org/conda-forge/linux-64/lzo-2.10-h280c20c_1002.conda
https://conda.anaconda.org/conda-forge/linux-64/ncurses-6.6-hdb14827_0.conda
https://conda.anaconda.org/conda-forge/linux-64/openssl-3.6.2-h35e630c_0.conda
https://conda.anaconda.org/conda-forge/linux-64/pthread-stubs-0.4-hb9d3cd8_1002.conda
https://conda.anaconda.org/conda-forge/linux-64/tk-8.6.13-noxft_hd70dff1_3.conda
https://conda.anaconda.org/conda-forge/linux-64/xorg-libice-1.1.2-hb9d3cd8_0.conda
https://conda.anaconda.org/conda-forge/linux-64/xorg-libxau-1.0.12-hb03c661_1.conda
https://conda.anaconda.org/conda-forge/linux-64/xorg-libxdmcp-1.1.5-hb03c661_1.conda
https://conda.anaconda.org/conda-forge/linux-64/xorg-libxshmfence-1.3.3-hb9d3cd8_0.conda
https://conda.anaconda.org/conda-forge/linux-64/graphite2-1.3.14-hecca717_2.conda
https://conda.anaconda.org/conda-forge/linux-64/icu-78.3-h54a6638_2.conda
https://conda.anaconda.org/conda-forge/linux-64/jbig2dec-0.20-h2e0aa2d_0.conda
https://conda.anaconda.org/conda-forge/linux-64/lerc-4.1.0-hdb68285_0.conda
https://conda.anaconda.org/conda-forge/linux-64/libbrotlidec-1.2.0-hb03c661_1.conda
https://conda.anaconda.org/conda-forge/linux-64/libbrotlienc-1.2.0-hb03c661_1.conda
https://conda.anaconda.org/conda-forge/linux-64/libdrm-2.4.127-hb03c661_0.conda
https://conda.anaconda.org/conda-forge/linux-64/libedit-3.1.20250104-pl5321h7949ede_0.conda
https://conda.anaconda.org/conda-forge/linux-64/libev-4.33-hd590300_2.conda
https://conda.anaconda.org/conda-forge/linux-64/libfreetype6-2.14.3-h73754d4_0.conda
https://conda.anaconda.org/conda-forge/linux-64/libglu-9.0.3-h5888daf_1.conda
https://conda.anaconda.org/conda-forge/linux-64/libgumbo-1.0.0-h3f2d84a_1.conda
https://conda.anaconda.org/conda-forge/linux-64/libssh2-1.11.1-hcf80075_0.conda
https://conda.anaconda.org/conda-forge/linux-64/libxcb-1.17.0-h8a09558_0.conda
https://conda.anaconda.org/conda-forge/linux-64/libxcrypt-4.4.36-hd590300_1.conda
https://conda.anaconda.org/conda-forge/linux-64/lz4-c-1.10.0-h5888daf_1.conda
https://conda.anaconda.org/conda-forge/linux-64/pcre2-10.47-haa7fec5_0.conda
https://conda.anaconda.org/conda-forge/linux-64/pixman-0.46.4-h54a6638_2.conda
https://conda.anaconda.org/conda-forge/linux-64/readline-8.3-h853b02a_0.conda
https://conda.anaconda.org/conda-forge/linux-64/spirv-tools-2026.1-hb700be7_0.conda
https://conda.anaconda.org/conda-forge/linux-64/xorg-libsm-1.2.6-he73a12e_0.conda
https://conda.anaconda.org/conda-forge/linux-64/zlib-ng-2.3.3-hceb46e0_1.conda
https://conda.anaconda.org/conda-forge/linux-64/brotli-bin-1.2.0-hb03c661_1.conda
https://conda.anaconda.org/conda-forge/linux-64/krb5-1.22.2-hbde042b_1.conda
https://conda.anaconda.org/conda-forge/linux-64/libfreetype-2.14.3-ha770c72_0.conda
https://conda.anaconda.org/conda-forge/linux-64/libglib-2.88.1-h0d30a3d_2.conda
https://conda.anaconda.org/conda-forge/linux-64/libnghttp2-1.68.1-h877daf1_0.conda
https://conda.anaconda.org/conda-forge/linux-64/libtiff-4.7.1-h9d88235_1.conda
https://conda.anaconda.org/conda-forge/linux-64/libxml2-16-2.15.3-hca6bf5a_0.conda
https://conda.anaconda.org/conda-forge/linux-64/python-3.12.13-hd63d673_0_cpython.conda
https://conda.anaconda.org/conda-forge/linux-64/xorg-libx11-1.8.13-he1eb515_0.conda
https://conda.anaconda.org/conda-forge/linux-64/brotli-1.2.0-hed03a55_1.conda
https://conda.anaconda.org/conda-forge/linux-64/fontconfig-2.18.0-h27c8c51_0.conda
https://conda.anaconda.org/conda-forge/linux-64/glib-tools-2.88.1-hee1de02_2.conda
https://conda.anaconda.org/conda-forge/linux-64/lcms2-2.19.1-h0c24ade_1.conda
https://conda.anaconda.org/conda-forge/linux-64/libcurl-8.20.0-hcf29cc6_0.conda
https://conda.anaconda.org/conda-forge/linux-64/libglx-1.7.0-ha4b6fd6_3.conda
https://conda.anaconda.org/conda-forge/linux-64/libxml2-2.15.3-h49c6c72_0.conda
https://conda.anaconda.org/conda-forge/noarch/mdurl-0.1.2-pyhd8ed1ab_1.conda
https://conda.anaconda.org/conda-forge/noarch/munkres-1.1.4-pyhd8ed1ab_1.conda
https://conda.anaconda.org/conda-forge/linux-64/openjpeg-2.5.4-h55fea9a_0.conda
https://conda.anaconda.org/conda-forge/noarch/packaging-26.2-pyhc364b38_0.conda
https://conda.anaconda.org/conda-forge/noarch/pycparser-3.0-pyhcf101f3_0.conda
https://conda.anaconda.org/conda-forge/noarch/pydyf-0.11.0-pyhd8ed1ab_1.conda
https://conda.anaconda.org/conda-forge/noarch/pyphen-0.17.2-pyhd8ed1ab_0.conda
https://conda.anaconda.org/conda-forge/noarch/setuptools-82.0.1-pyh332efcf_0.conda
https://conda.anaconda.org/conda-forge/linux-64/unicodedata2-17.0.1-py312h4c3975b_0.conda
https://conda.anaconda.org/conda-forge/noarch/webencodings-0.5.1-pyhd8ed1ab_3.conda
https://conda.anaconda.org/conda-forge/linux-64/xorg-libxext-1.3.7-hb03c661_0.conda
https://conda.anaconda.org/conda-forge/linux-64/xorg-libxfixes-6.0.2-hb03c661_0.conda
https://conda.anaconda.org/conda-forge/linux-64/xorg-libxrender-0.9.12-hb9d3cd8_0.conda
https://conda.anaconda.org/conda-forge/linux-64/cairo-1.18.4-he90730b_1.conda
https://conda.anaconda.org/conda-forge/linux-64/cffi-2.0.0-py312h460c074_1.conda
https://conda.anaconda.org/conda-forge/linux-64/curl-8.20.0-hcf29cc6_0.conda
https://conda.anaconda.org/conda-forge/linux-64/fonttools-4.63.0-py312h8a5da7c_0.conda
https://conda.anaconda.org/conda-forge/linux-64/glib-2.88.1-hd810c12_2.conda
https://conda.anaconda.org/conda-forge/linux-64/leptonica-1.87.0-h12c84f9_1.conda
https://conda.anaconda.org/conda-forge/linux-64/libarchive-3.8.7-gpl_hc2c16d8_101.conda
https://conda.anaconda.org/conda-forge/linux-64/libgl-1.7.0-ha4b6fd6_3.conda
https://conda.anaconda.org/conda-forge/linux-64/libllvm22-22.1.6-hf7376ad_0.conda
https://conda.anaconda.org/conda-forge/noarch/markdown-it-py-4.2.0-pyhd8ed1ab_0.conda
https://conda.anaconda.org/conda-forge/linux-64/pillow-12.2.0-py312h50c33e8_0.conda
https://conda.anaconda.org/conda-forge/noarch/tinycss2-1.5.1-pyhcf101f3_0.conda
https://conda.anaconda.org/conda-forge/noarch/tinyhtml5-2.1.0-pyhcf101f3_0.conda
https://conda.anaconda.org/conda-forge/noarch/wheel-0.47.0-pyhd8ed1ab_0.conda
https://conda.anaconda.org/conda-forge/linux-64/xorg-libxi-1.8.3-hb03c661_0.conda
https://conda.anaconda.org/conda-forge/linux-64/xorg-libxrandr-1.5.5-hb03c661_0.conda
https://conda.anaconda.org/conda-forge/linux-64/xorg-libxxf86vm-1.1.7-hb03c661_0.conda
https://conda.anaconda.org/conda-forge/noarch/cssselect2-0.9.0-pyhd8ed1ab_0.conda
https://conda.anaconda.org/conda-forge/linux-64/freeglut-3.2.2-h215f996_4.conda
https://conda.anaconda.org/conda-forge/linux-64/harfbuzz-14.2.0-h6083320_0.conda
https://conda.anaconda.org/conda-forge/linux-64/mesalib-26.0.3-h8cca3c9_0.conda
https://conda.anaconda.org/conda-forge/noarch/pip-26.1.1-pyh8b19718_0.conda
https://conda.anaconda.org/conda-forge/linux-64/tesseract-5.5.2-h1f36d38_0.conda
https://conda.anaconda.org/conda-forge/linux-64/mupdf-1.27.2-py312h26c49bb_5.conda
https://conda.anaconda.org/conda-forge/linux-64/pango-1.56.4-hda50119_1.conda
https://conda.anaconda.org/conda-forge/linux-64/pymupdf-1.27.2.2-py312h8285ef7_1.conda
